
Microsoft Visual Studio Solution File, Format Version 12.00
# Visual Studio Version 17
VisualStudioVersion = 17.7.34221.43
MinimumVisualStudioVersion = 10.0.40219.1
Project("{9A19103F-16F7-4668-BE54-9A1E7A4F7556}") = "RockTheVote", "RockTheVote.csproj", "{5C144828-5375-421C-9D34-DA3D3427E2FF}"
EndProject
Global
	GlobalSection(SolutionConfigurationPlatforms) = preSolution
		Debug|Any CPU = Debug|Any CPU
		Release|Any CPU = Release|Any CPU
	EndGlobalSection
	GlobalSection(ProjectConfigurationPlatforms) = postSolution
		{5C144828-5375-421C-9D34-DA3D3427E2FF}.Debug|Any CPU.ActiveCfg = Debug|Any CPU
		{5C144828-5375-421C-9D34-DA3D3427E2FF}.Debug|Any CPU.Build.0 = Debug|Any CPU
		{5C144828-5375-421C-9D34-DA3D3427E2FF}.Release|Any CPU.ActiveCfg = Release|Any CPU
		{5C144828-5375-421C-9D34-DA3D3427E2FF}.Release|Any CPU.Build.0 = Release|Any CPU
	EndGlobalSection
	GlobalSection(SolutionProperties) = preSolution
		HideSolutionNode = FALSE
	EndGlobalSection
	GlobalSection(ExtensibilityGlobals) = postSolution
		SolutionGuid = {BF9D3766-FBC6-4EF8-AA4E-0F1DBBB96601}
	EndGlobalSection
EndGlobal
