
Microsoft Visual Studio Solution File, Format Version 12.00
# Visual Studio Version 17
VisualStudioVersion = 17.7.34221.43
MinimumVisualStudioVersion = 10.0.40219.1
Project("{FAE04EC0-301F-11D3-BF4B-00C04F79EFBC}") = "RockTheVote", "RockTheVote.csproj", "{B2AE1A79-6648-4672-8751-9AEE966BD257}"
EndProject
Global
	GlobalSection(SolutionConfigurationPlatforms) = preSolution
		Debug|Any CPU = Debug|Any CPU
		Release|Any CPU = Release|Any CPU
	EndGlobalSection
	GlobalSection(ProjectConfigurationPlatforms) = postSolution
		{B2AE1A79-6648-4672-8751-9AEE966BD257}.Debug|Any CPU.ActiveCfg = Debug|Any CPU
		{B2AE1A79-6648-4672-8751-9AEE966BD257}.Debug|Any CPU.Build.0 = Debug|Any CPU
		{B2AE1A79-6648-4672-8751-9AEE966BD257}.Release|Any CPU.ActiveCfg = Release|Any CPU
		{B2AE1A79-6648-4672-8751-9AEE966BD257}.Release|Any CPU.Build.0 = Release|Any CPU
	EndGlobalSection
	GlobalSection(SolutionProperties) = preSolution
		HideSolutionNode = FALSE
	EndGlobalSection
	GlobalSection(ExtensibilityGlobals) = postSolution
		SolutionGuid = {BF9D3766-FBC6-4EF8-AA4E-0F1DBBB96601}
	EndGlobalSection
EndGlobal
